// !$*UTF8*$!
{
	archiveVersion = 1;
	classes = {
	};
	objectVersion = 46;
	objects = {

/* Begin PBXBuildFile section */
		C60C392F1F1EE64200243F20 /* Chapter09.swift in Sources */ = {isa = PBXBuildFile; fileRef = C60C392E1F1EE64200243F20 /* Chapter09.swift */; };
		C60C39301F1EE64900243F20 /* Chapter09.swift in Sources */ = {isa = PBXBuildFile; fileRef = C60C392E1F1EE64200243F20 /* Chapter09.swift */; };
		C61124C81F184B74005B18ED /* Chapter02Tests.swift in Sources */ = {isa = PBXBuildFile; fileRef = C61124C71F184B74005B18ED /* Chapter02Tests.swift */; };
		C61124D01F184B88005B18ED /* Chapter01.swift in Sources */ = {isa = PBXBuildFile; fileRef = C6FEC3961F16DA4C0001B732 /* Chapter01.swift */; };
		C61124D11F184B88005B18ED /* Chapter02.swift in Sources */ = {isa = PBXBuildFile; fileRef = C6FEC3981F16DA810001B732 /* Chapter02.swift */; };
		C61124D21F184B88005B18ED /* Chapter05.swift in Sources */ = {isa = PBXBuildFile; fileRef = C6FEC3A21F1735510001B732 /* Chapter05.swift */; };
		C61124D31F184B88005B18ED /* Drivers.swift in Sources */ = {isa = PBXBuildFile; fileRef = C6FEC3A01F172E910001B732 /* Drivers.swift */; };
		C6459EC81F26F65700F0E894 /* Chapter12.swift in Sources */ = {isa = PBXBuildFile; fileRef = C6459EC71F26F65700F0E894 /* Chapter12.swift */; };
		C6459EC91F26FB0900F0E894 /* Chapter12.swift in Sources */ = {isa = PBXBuildFile; fileRef = C6459EC71F26F65700F0E894 /* Chapter12.swift */; };
		C65D60B11F1B275000F62E3B /* Chapter04.swift in Sources */ = {isa = PBXBuildFile; fileRef = C65D60B01F1B275000F62E3B /* Chapter04.swift */; };
		C65D60B21F1B278C00F62E3B /* Chapter04.swift in Sources */ = {isa = PBXBuildFile; fileRef = C65D60B01F1B275000F62E3B /* Chapter04.swift */; };
		C65D60B41F1C45BD00F62E3B /* Chapter04Tests.swift in Sources */ = {isa = PBXBuildFile; fileRef = C65D60B31F1C45BD00F62E3B /* Chapter04Tests.swift */; };
		C66BEB271F2316A700BDECD8 /* Chapter06Tests.swift in Sources */ = {isa = PBXBuildFile; fileRef = C66BEB261F2316A700BDECD8 /* Chapter06Tests.swift */; };
		C66BEB321F23F65A00BDECD8 /* Chapter07.swift in Sources */ = {isa = PBXBuildFile; fileRef = C66BEB311F23F65A00BDECD8 /* Chapter07.swift */; };
		C66BEB331F23F65A00BDECD8 /* Chapter07.swift in Sources */ = {isa = PBXBuildFile; fileRef = C66BEB311F23F65A00BDECD8 /* Chapter07.swift */; };
		C66BEB351F24210200BDECD8 /* Chapter08.swift in Sources */ = {isa = PBXBuildFile; fileRef = C66BEB341F24210200BDECD8 /* Chapter08.swift */; };
		C66BEB361F24210200BDECD8 /* Chapter08.swift in Sources */ = {isa = PBXBuildFile; fileRef = C66BEB341F24210200BDECD8 /* Chapter08.swift */; };
		C66DB4781F19B4BB0019A2BB /* Chapter03.swift in Sources */ = {isa = PBXBuildFile; fileRef = C66DB4771F19B4BB0019A2BB /* Chapter03.swift */; };
		C66DB47C1F1AE8110019A2BB /* Chapter03Tests.swift in Sources */ = {isa = PBXBuildFile; fileRef = C66DB47B1F1AE8110019A2BB /* Chapter03Tests.swift */; };
		C66DB47D1F1AEECE0019A2BB /* Chapter03.swift in Sources */ = {isa = PBXBuildFile; fileRef = C66DB4771F19B4BB0019A2BB /* Chapter03.swift */; };
		C66DB4801F1AF5D20019A2BB /* Chapter01Tests.swift in Sources */ = {isa = PBXBuildFile; fileRef = C66DB47F1F1AF5D20019A2BB /* Chapter01Tests.swift */; };
		C67BB73D1F32389E0032264F /* main.swift in Sources */ = {isa = PBXBuildFile; fileRef = C67BB73C1F32389E0032264F /* main.swift */; };
		C67BB74E1F3238DA0032264F /* Chapter11.swift in Sources */ = {isa = PBXBuildFile; fileRef = C67BB7471F3238DA0032264F /* Chapter11.swift */; };
		C67BB74F1F3238DA0032264F /* Rational.swift in Sources */ = {isa = PBXBuildFile; fileRef = C67BB7451F3238DA0032264F /* Rational.swift */; };
		C67BB7501F3238DA0032264F /* Chapter10.swift in Sources */ = {isa = PBXBuildFile; fileRef = C67BB7441F3238DA0032264F /* Chapter10.swift */; };
		C67BB7511F3238DA0032264F /* Chapter02.swift in Sources */ = {isa = PBXBuildFile; fileRef = C67BB7431F3238DA0032264F /* Chapter02.swift */; };
		C67BB7521F3238DA0032264F /* Chapter08.swift in Sources */ = {isa = PBXBuildFile; fileRef = C67BB7461F3238DA0032264F /* Chapter08.swift */; };
		C67BB7531F3238DA0032264F /* Chapter07.swift in Sources */ = {isa = PBXBuildFile; fileRef = C67BB7421F3238DA0032264F /* Chapter07.swift */; };
		C67BB7541F3238DA0032264F /* Chapter09.swift in Sources */ = {isa = PBXBuildFile; fileRef = C67BB7411F3238DA0032264F /* Chapter09.swift */; };
		C67BB7551F3238DA0032264F /* Chapter01.swift in Sources */ = {isa = PBXBuildFile; fileRef = C67BB74A1F3238DA0032264F /* Chapter01.swift */; };
		C67BB7561F3238DA0032264F /* Chapter06.swift in Sources */ = {isa = PBXBuildFile; fileRef = C67BB7481F3238DA0032264F /* Chapter06.swift */; };
		C67BB7571F3238DA0032264F /* Chapter03.swift in Sources */ = {isa = PBXBuildFile; fileRef = C67BB74C1F3238DA0032264F /* Chapter03.swift */; };
		C67BB7581F3238DA0032264F /* Chapter12.swift in Sources */ = {isa = PBXBuildFile; fileRef = C67BB7491F3238DA0032264F /* Chapter12.swift */; };
		C67BB7591F3238DA0032264F /* Chapter05.swift in Sources */ = {isa = PBXBuildFile; fileRef = C67BB74D1F3238DA0032264F /* Chapter05.swift */; };
		C67BB75A1F3238DA0032264F /* Chapter04.swift in Sources */ = {isa = PBXBuildFile; fileRef = C67BB74B1F3238DA0032264F /* Chapter04.swift */; };
		C67BB75B1F3238EB0032264F /* EOP.framework in Frameworks */ = {isa = PBXBuildFile; fileRef = C6CCDDFE1F2AD9740000DA62 /* EOP.framework */; };
		C6910EB01F1D7442009F84EB /* ConceptTests.swift in Sources */ = {isa = PBXBuildFile; fileRef = C6910EAF1F1D7442009F84EB /* ConceptTests.swift */; };
		C6910EB51F1DAB41009F84EB /* Chapter06.swift in Sources */ = {isa = PBXBuildFile; fileRef = C6910EB41F1DAB41009F84EB /* Chapter06.swift */; };
		C6910EB61F1DAB45009F84EB /* Chapter06.swift in Sources */ = {isa = PBXBuildFile; fileRef = C6910EB41F1DAB41009F84EB /* Chapter06.swift */; };
		C6B297911F203640000E53B6 /* Chapter05Tests.swift in Sources */ = {isa = PBXBuildFile; fileRef = C6B297901F203640000E53B6 /* Chapter05Tests.swift */; };
		C6B5A5391F26B6F700BF21B5 /* Chapter11.swift in Sources */ = {isa = PBXBuildFile; fileRef = C6B5A5381F26B6F700BF21B5 /* Chapter11.swift */; };
		C6B5A53A1F26B76300BF21B5 /* Chapter11.swift in Sources */ = {isa = PBXBuildFile; fileRef = C6B5A5381F26B6F700BF21B5 /* Chapter11.swift */; };
		C6CC1AA31F2AD9CB00E468B3 /* Concepts.swift in Headers */ = {isa = PBXBuildFile; fileRef = C6FEC39C1F16ECD60001B732 /* Concepts.swift */; };
		C6CC1AA41F2AD9CB00E468B3 /* TypeFunctions.swift in Headers */ = {isa = PBXBuildFile; fileRef = C6FEC39A1F16DAC10001B732 /* TypeFunctions.swift */; };
		C6CC1AA51F2AD9D800E468B3 /* EOP.framework in Frameworks */ = {isa = PBXBuildFile; fileRef = C6CCDDFE1F2AD9740000DA62 /* EOP.framework */; };
		C6CC1AA61F2ADB1900E468B3 /* Double+Additions.swift in Sources */ = {isa = PBXBuildFile; fileRef = C6B297A21F2060E2000E53B6 /* Double+Additions.swift */; };
		C6CC1AA71F2ADB1900E468B3 /* Float+Additions.swift in Sources */ = {isa = PBXBuildFile; fileRef = C6B297A31F2060E2000E53B6 /* Float+Additions.swift */; };
		C6CC1AA81F2ADB1900E468B3 /* Int32+Additions.swift in Sources */ = {isa = PBXBuildFile; fileRef = C6B297A41F2060E2000E53B6 /* Int32+Additions.swift */; };
		C6CC1AA91F2ADB1900E468B3 /* Int64+Additions.swift in Sources */ = {isa = PBXBuildFile; fileRef = C6B297A51F2060E2000E53B6 /* Int64+Additions.swift */; };
		C6CC1AAA1F2ADB1900E468B3 /* Int+Additions.swift in Sources */ = {isa = PBXBuildFile; fileRef = C6B297A61F2060E2000E53B6 /* Int+Additions.swift */; };
		C6CC1AAB1F2ADB1900E468B3 /* UInt+Additions.swift in Sources */ = {isa = PBXBuildFile; fileRef = C6B297B41F206AE1000E53B6 /* UInt+Additions.swift */; };
		C6CC1AAE1F2ADB1900E468B3 /* SList.swift in Sources */ = {isa = PBXBuildFile; fileRef = C66BEB281F231C1B00BDECD8 /* SList.swift */; };
		C6CC1AAF1F2ADB1900E468B3 /* String.swift in Sources */ = {isa = PBXBuildFile; fileRef = C6E03B6E1F282CF100B65BD5 /* String.swift */; };
		C6CC1AB01F2ADB9000E468B3 /* Concepts.swift in Sources */ = {isa = PBXBuildFile; fileRef = C6FEC39C1F16ECD60001B732 /* Concepts.swift */; };
		C6CC1AB11F2ADB9000E468B3 /* TypeFunctions.swift in Sources */ = {isa = PBXBuildFile; fileRef = C6FEC39A1F16DAC10001B732 /* TypeFunctions.swift */; };
		C6CC1AB31F2ADDB500E468B3 /* Rational.swift in Sources */ = {isa = PBXBuildFile; fileRef = C6CC1AB21F2ADD8400E468B3 /* Rational.swift */; };
		C6CC1AB41F2ADDB600E468B3 /* Rational.swift in Sources */ = {isa = PBXBuildFile; fileRef = C6CC1AB21F2ADD8400E468B3 /* Rational.swift */; };
		C6CCDE021F2AD9740000DA62 /* EOP.h in Headers */ = {isa = PBXBuildFile; fileRef = C6CCDE001F2AD9740000DA62 /* EOP.h */; settings = {ATTRIBUTES = (Public, ); }; };
		C6CD6D181F36BD2D0047FE8A /* EOP.framework in Frameworks */ = {isa = PBXBuildFile; fileRef = C6CCDDFE1F2AD9740000DA62 /* EOP.framework */; };
		C6F3083A1F25A2D100AFBEB3 /* Chapter10.swift in Sources */ = {isa = PBXBuildFile; fileRef = C6F308391F25A2D100AFBEB3 /* Chapter10.swift */; };
		C6F3083B1F25A3A900AFBEB3 /* Chapter10.swift in Sources */ = {isa = PBXBuildFile; fileRef = C6F308391F25A2D100AFBEB3 /* Chapter10.swift */; };
		C6F549931F2AE2BF0057BC02 /* Tuples.swift in Sources */ = {isa = PBXBuildFile; fileRef = C6F549921F2AE2BF0057BC02 /* Tuples.swift */; };
		C6FEC3901F16DA210001B732 /* main.swift in Sources */ = {isa = PBXBuildFile; fileRef = C6FEC38F1F16DA210001B732 /* main.swift */; };
		C6FEC3971F16DA4C0001B732 /* Chapter01.swift in Sources */ = {isa = PBXBuildFile; fileRef = C6FEC3961F16DA4C0001B732 /* Chapter01.swift */; };
		C6FEC3991F16DA810001B732 /* Chapter02.swift in Sources */ = {isa = PBXBuildFile; fileRef = C6FEC3981F16DA810001B732 /* Chapter02.swift */; };
		C6FEC3A11F172E910001B732 /* Drivers.swift in Sources */ = {isa = PBXBuildFile; fileRef = C6FEC3A01F172E910001B732 /* Drivers.swift */; };
		C6FEC3A31F1735510001B732 /* Chapter05.swift in Sources */ = {isa = PBXBuildFile; fileRef = C6FEC3A21F1735510001B732 /* Chapter05.swift */; };
/* End PBXBuildFile section */

/* Begin PBXContainerItemProxy section */
		C6CD6D191F36BD400047FE8A /* PBXContainerItemProxy */ = {
			isa = PBXContainerItemProxy;
			containerPortal = C6FEC3841F16DA210001B732 /* Project object */;
			proxyType = 1;
			remoteGlobalIDString = C6CCDDFD1F2AD9740000DA62;
			remoteInfo = EOP;
		};
/* End PBXContainerItemProxy section */

/* Begin PBXCopyFilesBuildPhase section */
		C67BB7381F32389E0032264F /* CopyFiles */ = {
			isa = PBXCopyFilesBuildPhase;
			buildActionMask = 2147483647;
			dstPath = /usr/share/man/man1/;
			dstSubfolderSpec = 0;
			files = (
			);
			runOnlyForDeploymentPostprocessing = 1;
		};
		C6FEC38A1F16DA210001B732 /* CopyFiles */ = {
			isa = PBXCopyFilesBuildPhase;
			buildActionMask = 2147483647;
			dstPath = /usr/share/man/man1/;
			dstSubfolderSpec = 0;
			files = (
			);
			runOnlyForDeploymentPostprocessing = 1;
		};
/* End PBXCopyFilesBuildPhase section */

/* Begin PBXFileReference section */
		C60C392E1F1EE64200243F20 /* Chapter09.swift */ = {isa = PBXFileReference; lastKnownFileType = sourcecode.swift; path = Chapter09.swift; sourceTree = "<group>"; };
		C61124C51F184B74005B18ED /* ElementsOfProgrammingTests.xctest */ = {isa = PBXFileReference; explicitFileType = wrapper.cfbundle; includeInIndex = 0; path = ElementsOfProgrammingTests.xctest; sourceTree = BUILT_PRODUCTS_DIR; };
		C61124C71F184B74005B18ED /* Chapter02Tests.swift */ = {isa = PBXFileReference; lastKnownFileType = sourcecode.swift; path = Chapter02Tests.swift; sourceTree = "<group>"; };
		C61124C91F184B74005B18ED /* Info.plist */ = {isa = PBXFileReference; lastKnownFileType = text.plist.xml; path = Info.plist; sourceTree = "<group>"; };
		C6459EC71F26F65700F0E894 /* Chapter12.swift */ = {isa = PBXFileReference; lastKnownFileType = sourcecode.swift; path = Chapter12.swift; sourceTree = "<group>"; };
		C65D60B01F1B275000F62E3B /* Chapter04.swift */ = {isa = PBXFileReference; lastKnownFileType = sourcecode.swift; path = Chapter04.swift; sourceTree = "<group>"; };
		C65D60B31F1C45BD00F62E3B /* Chapter04Tests.swift */ = {isa = PBXFileReference; lastKnownFileType = sourcecode.swift; path = Chapter04Tests.swift; sourceTree = "<group>"; };
		C66BEB261F2316A700BDECD8 /* Chapter06Tests.swift */ = {isa = PBXFileReference; lastKnownFileType = sourcecode.swift; path = Chapter06Tests.swift; sourceTree = "<group>"; };
		C66BEB281F231C1B00BDECD8 /* SList.swift */ = {isa = PBXFileReference; lastKnownFileType = sourcecode.swift; path = SList.swift; sourceTree = "<group>"; };
		C66BEB311F23F65A00BDECD8 /* Chapter07.swift */ = {isa = PBXFileReference; lastKnownFileType = sourcecode.swift; path = Chapter07.swift; sourceTree = "<group>"; };
		C66BEB341F24210200BDECD8 /* Chapter08.swift */ = {isa = PBXFileReference; lastKnownFileType = sourcecode.swift; path = Chapter08.swift; sourceTree = "<group>"; };
		C66DB4771F19B4BB0019A2BB /* Chapter03.swift */ = {isa = PBXFileReference; lastKnownFileType = sourcecode.swift; path = Chapter03.swift; sourceTree = "<group>"; };
		C66DB47B1F1AE8110019A2BB /* Chapter03Tests.swift */ = {isa = PBXFileReference; lastKnownFileType = sourcecode.swift; path = Chapter03Tests.swift; sourceTree = "<group>"; };
		C66DB47F1F1AF5D20019A2BB /* Chapter01Tests.swift */ = {isa = PBXFileReference; lastKnownFileType = sourcecode.swift; path = Chapter01Tests.swift; sourceTree = "<group>"; };
		C67BB73A1F32389E0032264F /* ElementsOfProgramming-Pretty */ = {isa = PBXFileReference; explicitFileType = "compiled.mach-o.executable"; includeInIndex = 0; path = "ElementsOfProgramming-Pretty"; sourceTree = BUILT_PRODUCTS_DIR; };
		C67BB73C1F32389E0032264F /* main.swift */ = {isa = PBXFileReference; lastKnownFileType = sourcecode.swift; path = main.swift; sourceTree = "<group>"; };
		C67BB7411F3238DA0032264F /* Chapter09.swift */ = {isa = PBXFileReference; lastKnownFileType = sourcecode.swift; path = Chapter09.swift; sourceTree = "<group>"; };
		C67BB7421F3238DA0032264F /* Chapter07.swift */ = {isa = PBXFileReference; lastKnownFileType = sourcecode.swift; path = Chapter07.swift; sourceTree = "<group>"; };
		C67BB7431F3238DA0032264F /* Chapter02.swift */ = {isa = PBXFileReference; lastKnownFileType = sourcecode.swift; path = Chapter02.swift; sourceTree = "<group>"; };
		C67BB7441F3238DA0032264F /* Chapter10.swift */ = {isa = PBXFileReference; lastKnownFileType = sourcecode.swift; path = Chapter10.swift; sourceTree = "<group>"; };
		C67BB7451F3238DA0032264F /* Rational.swift */ = {isa = PBXFileReference; lastKnownFileType = sourcecode.swift; path = Rational.swift; sourceTree = "<group>"; };
		C67BB7461F3238DA0032264F /* Chapter08.swift */ = {isa = PBXFileReference; lastKnownFileType = sourcecode.swift; path = Chapter08.swift; sourceTree = "<group>"; };
		C67BB7471F3238DA0032264F /* Chapter11.swift */ = {isa = PBXFileReference; lastKnownFileType = sourcecode.swift; path = Chapter11.swift; sourceTree = "<group>"; };
		C67BB7481F3238DA0032264F /* Chapter06.swift */ = {isa = PBXFileReference; lastKnownFileType = sourcecode.swift; path = Chapter06.swift; sourceTree = "<group>"; };
		C67BB7491F3238DA0032264F /* Chapter12.swift */ = {isa = PBXFileReference; lastKnownFileType = sourcecode.swift; path = Chapter12.swift; sourceTree = "<group>"; };
		C67BB74A1F3238DA0032264F /* Chapter01.swift */ = {isa = PBXFileReference; lastKnownFileType = sourcecode.swift; path = Chapter01.swift; sourceTree = "<group>"; };
		C67BB74B1F3238DA0032264F /* Chapter04.swift */ = {isa = PBXFileReference; lastKnownFileType = sourcecode.swift; path = Chapter04.swift; sourceTree = "<group>"; };
		C67BB74C1F3238DA0032264F /* Chapter03.swift */ = {isa = PBXFileReference; lastKnownFileType = sourcecode.swift; path = Chapter03.swift; sourceTree = "<group>"; };
		C67BB74D1F3238DA0032264F /* Chapter05.swift */ = {isa = PBXFileReference; lastKnownFileType = sourcecode.swift; path = Chapter05.swift; sourceTree = "<group>"; };
		C6910EAF1F1D7442009F84EB /* ConceptTests.swift */ = {isa = PBXFileReference; lastKnownFileType = sourcecode.swift; path = ConceptTests.swift; sourceTree = "<group>"; };
		C6910EB41F1DAB41009F84EB /* Chapter06.swift */ = {isa = PBXFileReference; lastKnownFileType = sourcecode.swift; path = Chapter06.swift; sourceTree = "<group>"; };
		C6B297901F203640000E53B6 /* Chapter05Tests.swift */ = {isa = PBXFileReference; lastKnownFileType = sourcecode.swift; path = Chapter05Tests.swift; sourceTree = "<group>"; };
		C6B297A21F2060E2000E53B6 /* Double+Additions.swift */ = {isa = PBXFileReference; fileEncoding = 4; lastKnownFileType = sourcecode.swift; path = "Double+Additions.swift"; sourceTree = "<group>"; };
		C6B297A31F2060E2000E53B6 /* Float+Additions.swift */ = {isa = PBXFileReference; fileEncoding = 4; lastKnownFileType = sourcecode.swift; path = "Float+Additions.swift"; sourceTree = "<group>"; };
		C6B297A41F2060E2000E53B6 /* Int32+Additions.swift */ = {isa = PBXFileReference; fileEncoding = 4; lastKnownFileType = sourcecode.swift; path = "Int32+Additions.swift"; sourceTree = "<group>"; };
		C6B297A51F2060E2000E53B6 /* Int64+Additions.swift */ = {isa = PBXFileReference; fileEncoding = 4; lastKnownFileType = sourcecode.swift; path = "Int64+Additions.swift"; sourceTree = "<group>"; };
		C6B297A61F2060E2000E53B6 /* Int+Additions.swift */ = {isa = PBXFileReference; fileEncoding = 4; lastKnownFileType = sourcecode.swift; path = "Int+Additions.swift"; sourceTree = "<group>"; };
		C6B297B41F206AE1000E53B6 /* UInt+Additions.swift */ = {isa = PBXFileReference; lastKnownFileType = sourcecode.swift; path = "UInt+Additions.swift"; sourceTree = "<group>"; };
		C6B5A5381F26B6F700BF21B5 /* Chapter11.swift */ = {isa = PBXFileReference; lastKnownFileType = sourcecode.swift; path = Chapter11.swift; sourceTree = "<group>"; };
		C6CC1AB21F2ADD8400E468B3 /* Rational.swift */ = {isa = PBXFileReference; lastKnownFileType = sourcecode.swift; name = Rational.swift; path = ElementsOfProgramming/Rational.swift; sourceTree = SOURCE_ROOT; };
		C6CCDDFE1F2AD9740000DA62 /* EOP.framework */ = {isa = PBXFileReference; explicitFileType = wrapper.framework; includeInIndex = 0; path = EOP.framework; sourceTree = BUILT_PRODUCTS_DIR; };
		C6CCDE001F2AD9740000DA62 /* EOP.h */ = {isa = PBXFileReference; lastKnownFileType = sourcecode.c.h; path = EOP.h; sourceTree = "<group>"; };
		C6CCDE011F2AD9740000DA62 /* Info.plist */ = {isa = PBXFileReference; lastKnownFileType = text.plist.xml; path = Info.plist; sourceTree = "<group>"; };
		C6E03B6E1F282CF100B65BD5 /* String.swift */ = {isa = PBXFileReference; lastKnownFileType = sourcecode.swift; path = String.swift; sourceTree = "<group>"; };
		C6F308391F25A2D100AFBEB3 /* Chapter10.swift */ = {isa = PBXFileReference; lastKnownFileType = sourcecode.swift; path = Chapter10.swift; sourceTree = "<group>"; };
		C6F549921F2AE2BF0057BC02 /* Tuples.swift */ = {isa = PBXFileReference; lastKnownFileType = sourcecode.swift; path = Tuples.swift; sourceTree = "<group>"; };
		C6FEC38C1F16DA210001B732 /* ElementsOfProgramming */ = {isa = PBXFileReference; explicitFileType = "compiled.mach-o.executable"; includeInIndex = 0; path = ElementsOfProgramming; sourceTree = BUILT_PRODUCTS_DIR; };
		C6FEC38F1F16DA210001B732 /* main.swift */ = {isa = PBXFileReference; lastKnownFileType = sourcecode.swift; path = main.swift; sourceTree = "<group>"; };
		C6FEC3961F16DA4C0001B732 /* Chapter01.swift */ = {isa = PBXFileReference; fileEncoding = 4; lastKnownFileType = sourcecode.swift; path = Chapter01.swift; sourceTree = "<group>"; };
		C6FEC3981F16DA810001B732 /* Chapter02.swift */ = {isa = PBXFileReference; fileEncoding = 4; lastKnownFileType = sourcecode.swift; path = Chapter02.swift; sourceTree = "<group>"; };
		C6FEC39A1F16DAC10001B732 /* TypeFunctions.swift */ = {isa = PBXFileReference; fileEncoding = 4; lastKnownFileType = sourcecode.swift; path = TypeFunctions.swift; sourceTree = "<group>"; };
		C6FEC39C1F16ECD60001B732 /* Concepts.swift */ = {isa = PBXFileReference; fileEncoding = 4; lastKnownFileType = sourcecode.swift; path = Concepts.swift; sourceTree = "<group>"; };
		C6FEC3A01F172E910001B732 /* Drivers.swift */ = {isa = PBXFileReference; fileEncoding = 4; lastKnownFileType = sourcecode.swift; path = Drivers.swift; sourceTree = "<group>"; };
		C6FEC3A21F1735510001B732 /* Chapter05.swift */ = {isa = PBXFileReference; fileEncoding = 4; lastKnownFileType = sourcecode.swift; path = Chapter05.swift; sourceTree = "<group>"; };
/* End PBXFileReference section */

/* Begin PBXFrameworksBuildPhase section */
		C61124C21F184B74005B18ED /* Frameworks */ = {
			isa = PBXFrameworksBuildPhase;
			buildActionMask = 2147483647;
			files = (
				C6CD6D181F36BD2D0047FE8A /* EOP.framework in Frameworks */,
			);
			runOnlyForDeploymentPostprocessing = 0;
		};
		C67BB7371F32389E0032264F /* Frameworks */ = {
			isa = PBXFrameworksBuildPhase;
			buildActionMask = 2147483647;
			files = (
				C67BB75B1F3238EB0032264F /* EOP.framework in Frameworks */,
			);
			runOnlyForDeploymentPostprocessing = 0;
		};
		C6CCDDFA1F2AD9740000DA62 /* Frameworks */ = {
			isa = PBXFrameworksBuildPhase;
			buildActionMask = 2147483647;
			files = (
			);
			runOnlyForDeploymentPostprocessing = 0;
		};
		C6FEC3891F16DA210001B732 /* Frameworks */ = {
			isa = PBXFrameworksBuildPhase;
			buildActionMask = 2147483647;
			files = (
				C6CC1AA51F2AD9D800E468B3 /* EOP.framework in Frameworks */,
			);
			runOnlyForDeploymentPostprocessing = 0;
		};
/* End PBXFrameworksBuildPhase section */

/* Begin PBXGroup section */
		C61124C61F184B74005B18ED /* ElementsOfProgrammingTests */ = {
			isa = PBXGroup;
			children = (
				C66DB47F1F1AF5D20019A2BB /* Chapter01Tests.swift */,
				C61124C71F184B74005B18ED /* Chapter02Tests.swift */,
				C66DB47B1F1AE8110019A2BB /* Chapter03Tests.swift */,
				C65D60B31F1C45BD00F62E3B /* Chapter04Tests.swift */,
				C6B297901F203640000E53B6 /* Chapter05Tests.swift */,
				C66BEB261F2316A700BDECD8 /* Chapter06Tests.swift */,
				C6910EAF1F1D7442009F84EB /* ConceptTests.swift */,
				C61124C91F184B74005B18ED /* Info.plist */,
			);
			path = ElementsOfProgrammingTests;
			sourceTree = "<group>";
		};
		C67BB73B1F32389E0032264F /* ElementsOfProgramming-Pretty */ = {
			isa = PBXGroup;
			children = (
				C67BB74A1F3238DA0032264F /* Chapter01.swift */,
				C67BB7431F3238DA0032264F /* Chapter02.swift */,
				C67BB74C1F3238DA0032264F /* Chapter03.swift */,
				C67BB74B1F3238DA0032264F /* Chapter04.swift */,
				C67BB74D1F3238DA0032264F /* Chapter05.swift */,
				C67BB7481F3238DA0032264F /* Chapter06.swift */,
				C67BB7421F3238DA0032264F /* Chapter07.swift */,
				C67BB7461F3238DA0032264F /* Chapter08.swift */,
				C67BB7411F3238DA0032264F /* Chapter09.swift */,
				C67BB7441F3238DA0032264F /* Chapter10.swift */,
				C67BB7471F3238DA0032264F /* Chapter11.swift */,
				C67BB7491F3238DA0032264F /* Chapter12.swift */,
				C67BB7451F3238DA0032264F /* Rational.swift */,
				C67BB73C1F32389E0032264F /* main.swift */,
			);
			path = "ElementsOfProgramming-Pretty";
			sourceTree = "<group>";
		};
		C6B297A11F2060E2000E53B6 /* Types */ = {
			isa = PBXGroup;
			children = (
				C6B297A21F2060E2000E53B6 /* Double+Additions.swift */,
				C6B297A31F2060E2000E53B6 /* Float+Additions.swift */,
				C6B297A41F2060E2000E53B6 /* Int32+Additions.swift */,
				C6B297A51F2060E2000E53B6 /* Int64+Additions.swift */,
				C6B297A61F2060E2000E53B6 /* Int+Additions.swift */,
				C6B297B41F206AE1000E53B6 /* UInt+Additions.swift */,
				C66BEB281F231C1B00BDECD8 /* SList.swift */,
				C6E03B6E1F282CF100B65BD5 /* String.swift */,
				C6F549921F2AE2BF0057BC02 /* Tuples.swift */,
			);
			path = Types;
			sourceTree = "<group>";
		};
		C6CCDDFF1F2AD9740000DA62 /* EOP */ = {
			isa = PBXGroup;
			children = (
				C6FEC39C1F16ECD60001B732 /* Concepts.swift */,
				C6FEC39A1F16DAC10001B732 /* TypeFunctions.swift */,
				C6B297A11F2060E2000E53B6 /* Types */,
				C6CCDE001F2AD9740000DA62 /* EOP.h */,
				C6CCDE011F2AD9740000DA62 /* Info.plist */,
			);
			path = EOP;
			sourceTree = "<group>";
		};
		C6FEC3831F16DA210001B732 = {
			isa = PBXGroup;
			children = (
				C6FEC38E1F16DA210001B732 /* ElementsOfProgramming */,
				C61124C61F184B74005B18ED /* ElementsOfProgrammingTests */,
				C6CCDDFF1F2AD9740000DA62 /* EOP */,
				C67BB73B1F32389E0032264F /* ElementsOfProgramming-Pretty */,
				C6FEC38D1F16DA210001B732 /* Products */,
			);
			sourceTree = "<group>";
		};
		C6FEC38D1F16DA210001B732 /* Products */ = {
			isa = PBXGroup;
			children = (
				C6FEC38C1F16DA210001B732 /* ElementsOfProgramming */,
				C61124C51F184B74005B18ED /* ElementsOfProgrammingTests.xctest */,
				C6CCDDFE1F2AD9740000DA62 /* EOP.framework */,
				C67BB73A1F32389E0032264F /* ElementsOfProgramming-Pretty */,
			);
			name = Products;
			sourceTree = "<group>";
		};
		C6FEC38E1F16DA210001B732 /* ElementsOfProgramming */ = {
			isa = PBXGroup;
			children = (
				C6FEC3961F16DA4C0001B732 /* Chapter01.swift */,
				C6FEC3981F16DA810001B732 /* Chapter02.swift */,
				C66DB4771F19B4BB0019A2BB /* Chapter03.swift */,
				C65D60B01F1B275000F62E3B /* Chapter04.swift */,
				C6FEC3A21F1735510001B732 /* Chapter05.swift */,
				C6910EB41F1DAB41009F84EB /* Chapter06.swift */,
				C66BEB311F23F65A00BDECD8 /* Chapter07.swift */,
				C66BEB341F24210200BDECD8 /* Chapter08.swift */,
				C60C392E1F1EE64200243F20 /* Chapter09.swift */,
				C6F308391F25A2D100AFBEB3 /* Chapter10.swift */,
				C6B5A5381F26B6F700BF21B5 /* Chapter11.swift */,
				C6459EC71F26F65700F0E894 /* Chapter12.swift */,
				C6CC1AB21F2ADD8400E468B3 /* Rational.swift */,
				C6FEC3A01F172E910001B732 /* Drivers.swift */,
				C6FEC38F1F16DA210001B732 /* main.swift */,
			);
			path = ElementsOfProgramming;
			sourceTree = "<group>";
		};
/* End PBXGroup section */

/* Begin PBXHeadersBuildPhase section */
		C6CCDDFB1F2AD9740000DA62 /* Headers */ = {
			isa = PBXHeadersBuildPhase;
			buildActionMask = 2147483647;
			files = (
				C6CC1AA31F2AD9CB00E468B3 /* Concepts.swift in Headers */,
				C6CC1AA41F2AD9CB00E468B3 /* TypeFunctions.swift in Headers */,
				C6CCDE021F2AD9740000DA62 /* EOP.h in Headers */,
			);
			runOnlyForDeploymentPostprocessing = 0;
		};
/* End PBXHeadersBuildPhase section */

/* Begin PBXNativeTarget section */
		C61124C41F184B74005B18ED /* ElementsOfProgrammingTests */ = {
			isa = PBXNativeTarget;
			buildConfigurationList = C61124CC1F184B74005B18ED /* Build configuration list for PBXNativeTarget "ElementsOfProgrammingTests" */;
			buildPhases = (
				C61124C11F184B74005B18ED /* Sources */,
				C61124C21F184B74005B18ED /* Frameworks */,
				C61124C31F184B74005B18ED /* Resources */,
			);
			buildRules = (
			);
			dependencies = (
				C6CD6D1A1F36BD400047FE8A /* PBXTargetDependency */,
			);
			name = ElementsOfProgrammingTests;
			productName = ElementsOfProgrammingTests;
			productReference = C61124C51F184B74005B18ED /* ElementsOfProgrammingTests.xctest */;
			productType = "com.apple.product-type.bundle.unit-test";
		};
		C67BB7391F32389E0032264F /* ElementsOfProgramming-Pretty */ = {
			isa = PBXNativeTarget;
			buildConfigurationList = C67BB7401F32389E0032264F /* Build configuration list for PBXNativeTarget "ElementsOfProgramming-Pretty" */;
			buildPhases = (
				C67BB7361F32389E0032264F /* Sources */,
				C67BB7371F32389E0032264F /* Frameworks */,
				C67BB7381F32389E0032264F /* CopyFiles */,
			);
			buildRules = (
			);
			dependencies = (
			);
			name = "ElementsOfProgramming-Pretty";
			productName = "ElementsOfProgramming-Pretty";
			productReference = C67BB73A1F32389E0032264F /* ElementsOfProgramming-Pretty */;
			productType = "com.apple.product-type.tool";
		};
		C6CCDDFD1F2AD9740000DA62 /* EOP */ = {
			isa = PBXNativeTarget;
			buildConfigurationList = C6CCDE051F2AD9740000DA62 /* Build configuration list for PBXNativeTarget "EOP" */;
			buildPhases = (
				C6CCDDF91F2AD9740000DA62 /* Sources */,
				C6CCDDFA1F2AD9740000DA62 /* Frameworks */,
				C6CCDDFB1F2AD9740000DA62 /* Headers */,
				C6CCDDFC1F2AD9740000DA62 /* Resources */,
			);
			buildRules = (
			);
			dependencies = (
			);
			name = EOP;
			productName = EOP;
			productReference = C6CCDDFE1F2AD9740000DA62 /* EOP.framework */;
			productType = "com.apple.product-type.framework";
		};
		C6FEC38B1F16DA210001B732 /* ElementsOfProgramming */ = {
			isa = PBXNativeTarget;
			buildConfigurationList = C6FEC3931F16DA210001B732 /* Build configuration list for PBXNativeTarget "ElementsOfProgramming" */;
			buildPhases = (
				C6FEC3881F16DA210001B732 /* Sources */,
				C6FEC3891F16DA210001B732 /* Frameworks */,
				C6FEC38A1F16DA210001B732 /* CopyFiles */,
			);
			buildRules = (
			);
			dependencies = (
			);
			name = ElementsOfProgramming;
			productName = ElementsOfProgramming;
			productReference = C6FEC38C1F16DA210001B732 /* ElementsOfProgramming */;
			productType = "com.apple.product-type.tool";
		};
/* End PBXNativeTarget section */

/* Begin PBXProject section */
		C6FEC3841F16DA210001B732 /* Project object */ = {
			isa = PBXProject;
			attributes = {
				LastSwiftUpdateCheck = 0900;
				LastUpgradeCheck = 0900;
				ORGANIZATIONNAME = PolkaDotCat;
				TargetAttributes = {
					C61124C41F184B74005B18ED = {
						CreatedOnToolsVersion = 9.0;
						DevelopmentTeam = MSFNERW7WA;
					};
					C67BB7391F32389E0032264F = {
						CreatedOnToolsVersion = 9.0;
					};
					C6CCDDFD1F2AD9740000DA62 = {
						CreatedOnToolsVersion = 9.0;
					};
					C6FEC38B1F16DA210001B732 = {
						CreatedOnToolsVersion = 8.3.3;
						ProvisioningStyle = Automatic;
					};
				};
			};
			buildConfigurationList = C6FEC3871F16DA210001B732 /* Build configuration list for PBXProject "ElementsOfProgramming" */;
			compatibilityVersion = "Xcode 3.2";
			developmentRegion = English;
			hasScannedForEncodings = 0;
			knownRegions = (
				en,
			);
			mainGroup = C6FEC3831F16DA210001B732;
			productRefGroup = C6FEC38D1F16DA210001B732 /* Products */;
			projectDirPath = "";
			projectRoot = "";
			targets = (
				C6FEC38B1F16DA210001B732 /* ElementsOfProgramming */,
				C61124C41F184B74005B18ED /* ElementsOfProgrammingTests */,
				C6CCDDFD1F2AD9740000DA62 /* EOP */,
				C67BB7391F32389E0032264F /* ElementsOfProgramming-Pretty */,
			);
		};
/* End PBXProject section */

/* Begin PBXResourcesBuildPhase section */
		C61124C31F184B74005B18ED /* Resources */ = {
			isa = PBXResourcesBuildPhase;
			buildActionMask = 2147483647;
			files = (
			);
			runOnlyForDeploymentPostprocessing = 0;
		};
		C6CCDDFC1F2AD9740000DA62 /* Resources */ = {
			isa = PBXResourcesBuildPhase;
			buildActionMask = 2147483647;
			files = (
			);
			runOnlyForDeploymentPostprocessing = 0;
		};
/* End PBXResourcesBuildPhase section */

/* Begin PBXSourcesBuildPhase section */
		C61124C11F184B74005B18ED /* Sources */ = {
			isa = PBXSourcesBuildPhase;
			buildActionMask = 2147483647;
			files = (
				C66BEB271F2316A700BDECD8 /* Chapter06Tests.swift in Sources */,
				C66DB4801F1AF5D20019A2BB /* Chapter01Tests.swift in Sources */,
				C65D60B21F1B278C00F62E3B /* Chapter04.swift in Sources */,
				C6910EB61F1DAB45009F84EB /* Chapter06.swift in Sources */,
				C6B297911F203640000E53B6 /* Chapter05Tests.swift in Sources */,
				C61124D01F184B88005B18ED /* Chapter01.swift in Sources */,
				C66BEB361F24210200BDECD8 /* Chapter08.swift in Sources */,
				C6F3083B1F25A3A900AFBEB3 /* Chapter10.swift in Sources */,
				C6B5A53A1F26B76300BF21B5 /* Chapter11.swift in Sources */,
				C66BEB331F23F65A00BDECD8 /* Chapter07.swift in Sources */,
				C66DB47D1F1AEECE0019A2BB /* Chapter03.swift in Sources */,
				C61124D11F184B88005B18ED /* Chapter02.swift in Sources */,
				C61124D21F184B88005B18ED /* Chapter05.swift in Sources */,
				C66DB47C1F1AE8110019A2BB /* Chapter03Tests.swift in Sources */,
				C61124D31F184B88005B18ED /* Drivers.swift in Sources */,
				C6459EC91F26FB0900F0E894 /* Chapter12.swift in Sources */,
				C60C39301F1EE64900243F20 /* Chapter09.swift in Sources */,
				C6910EB01F1D7442009F84EB /* ConceptTests.swift in Sources */,
				C61124C81F184B74005B18ED /* Chapter02Tests.swift in Sources */,
				C65D60B41F1C45BD00F62E3B /* Chapter04Tests.swift in Sources */,
				C6CC1AB41F2ADDB600E468B3 /* Rational.swift in Sources */,
			);
			runOnlyForDeploymentPostprocessing = 0;
		};
		C67BB7361F32389E0032264F /* Sources */ = {
			isa = PBXSourcesBuildPhase;
			buildActionMask = 2147483647;
			files = (
				C67BB7571F3238DA0032264F /* Chapter03.swift in Sources */,
				C67BB7531F3238DA0032264F /* Chapter07.swift in Sources */,
				C67BB7561F3238DA0032264F /* Chapter06.swift in Sources */,
				C67BB73D1F32389E0032264F /* main.swift in Sources */,
				C67BB7541F3238DA0032264F /* Chapter09.swift in Sources */,
				C67BB75A1F3238DA0032264F /* Chapter04.swift in Sources */,
				C67BB7521F3238DA0032264F /* Chapter08.swift in Sources */,
				C67BB7551F3238DA0032264F /* Chapter01.swift in Sources */,
				C67BB74E1F3238DA0032264F /* Chapter11.swift in Sources */,
				C67BB7581F3238DA0032264F /* Chapter12.swift in Sources */,
				C67BB7591F3238DA0032264F /* Chapter05.swift in Sources */,
				C67BB7501F3238DA0032264F /* Chapter10.swift in Sources */,
				C67BB74F1F3238DA0032264F /* Rational.swift in Sources */,
				C67BB7511F3238DA0032264F /* Chapter02.swift in Sources */,
			);
			runOnlyForDeploymentPostprocessing = 0;
		};
		C6CCDDF91F2AD9740000DA62 /* Sources */ = {
			isa = PBXSourcesBuildPhase;
			buildActionMask = 2147483647;
			files = (
				C6CC1AB01F2ADB9000E468B3 /* Concepts.swift in Sources */,
				C6CC1AB11F2ADB9000E468B3 /* TypeFunctions.swift in Sources */,
				C6CC1AAE1F2ADB1900E468B3 /* SList.swift in Sources */,
				C6F549931F2AE2BF0057BC02 /* Tuples.swift in Sources */,
				C6CC1AAF1F2ADB1900E468B3 /* String.swift in Sources */,
				C6CC1AA71F2ADB1900E468B3 /* Float+Additions.swift in Sources */,
				C6CC1AA81F2ADB1900E468B3 /* Int32+Additions.swift in Sources */,
				C6CC1AAA1F2ADB1900E468B3 /* Int+Additions.swift in Sources */,
				C6CC1AAB1F2ADB1900E468B3 /* UInt+Additions.swift in Sources */,
				C6CC1AA61F2ADB1900E468B3 /* Double+Additions.swift in Sources */,
				C6CC1AA91F2ADB1900E468B3 /* Int64+Additions.swift in Sources */,
			);
			runOnlyForDeploymentPostprocessing = 0;
		};
		C6FEC3881F16DA210001B732 /* Sources */ = {
			isa = PBXSourcesBuildPhase;
			buildActionMask = 2147483647;
			files = (
				C65D60B11F1B275000F62E3B /* Chapter04.swift in Sources */,
				C66BEB351F24210200BDECD8 /* Chapter08.swift in Sources */,
				C6CC1AB31F2ADDB500E468B3 /* Rational.swift in Sources */,
				C60C392F1F1EE64200243F20 /* Chapter09.swift in Sources */,
				C6FEC3A11F172E910001B732 /* Drivers.swift in Sources */,
				C6FEC3901F16DA210001B732 /* main.swift in Sources */,
				C6459EC81F26F65700F0E894 /* Chapter12.swift in Sources */,
				C66BEB321F23F65A00BDECD8 /* Chapter07.swift in Sources */,
				C6B5A5391F26B6F700BF21B5 /* Chapter11.swift in Sources */,
				C6910EB51F1DAB41009F84EB /* Chapter06.swift in Sources */,
				C6FEC3991F16DA810001B732 /* Chapter02.swift in Sources */,
				C66DB4781F19B4BB0019A2BB /* Chapter03.swift in Sources */,
				C6F3083A1F25A2D100AFBEB3 /* Chapter10.swift in Sources */,
				C6FEC3A31F1735510001B732 /* Chapter05.swift in Sources */,
				C6FEC3971F16DA4C0001B732 /* Chapter01.swift in Sources */,
			);
			runOnlyForDeploymentPostprocessing = 0;
		};
/* End PBXSourcesBuildPhase section */

/* Begin PBXTargetDependency section */
		C6CD6D1A1F36BD400047FE8A /* PBXTargetDependency */ = {
			isa = PBXTargetDependency;
			target = C6CCDDFD1F2AD9740000DA62 /* EOP */;
			targetProxy = C6CD6D191F36BD400047FE8A /* PBXContainerItemProxy */;
		};
/* End PBXTargetDependency section */

/* Begin XCBuildConfiguration section */
		C61124CA1F184B74005B18ED /* Debug */ = {
			isa = XCBuildConfiguration;
			buildSettings = {
				CLANG_CXX_LANGUAGE_STANDARD = "gnu++14";
				CLANG_WARN_BLOCK_CAPTURE_AUTORELEASING = YES;
				CLANG_WARN_COMMA = YES;
				CLANG_WARN_NON_LITERAL_NULL_CONVERSION = YES;
				CLANG_WARN_OBJC_LITERAL_CONVERSION = YES;
				CLANG_WARN_RANGE_LOOP_ANALYSIS = YES;
				CLANG_WARN_STRICT_PROTOTYPES = YES;
				CLANG_WARN_UNGUARDED_AVAILABILITY = YES_AGGRESSIVE;
				CODE_SIGN_IDENTITY = "Mac Developer";
				COMBINE_HIDPI_IMAGES = YES;
				DEVELOPMENT_TEAM = MSFNERW7WA;
				GCC_C_LANGUAGE_STANDARD = gnu11;
				INFOPLIST_FILE = ElementsOfProgrammingTests/Info.plist;
				LD_RUNPATH_SEARCH_PATHS = "$(inherited) @executable_path/../Frameworks @loader_path/../Frameworks";
				PRODUCT_BUNDLE_IDENTIFIER = com.polkadotcat.ElementsOfProgrammingTests;
				PRODUCT_NAME = "$(TARGET_NAME)";
				SWIFT_ACTIVE_COMPILATION_CONDITIONS = DEBUG;
				SWIFT_VERSION = 4.0;
			};
			name = Debug;
		};
		C61124CB1F184B74005B18ED /* Release */ = {
			isa = XCBuildConfiguration;
			buildSettings = {
				CLANG_CXX_LANGUAGE_STANDARD = "gnu++14";
				CLANG_WARN_BLOCK_CAPTURE_AUTORELEASING = YES;
				CLANG_WARN_COMMA = YES;
				CLANG_WARN_NON_LITERAL_NULL_CONVERSION = YES;
				CLANG_WARN_OBJC_LITERAL_CONVERSION = YES;
				CLANG_WARN_RANGE_LOOP_ANALYSIS = YES;
				CLANG_WARN_STRICT_PROTOTYPES = YES;
				CLANG_WARN_UNGUARDED_AVAILABILITY = YES_AGGRESSIVE;
				CODE_SIGN_IDENTITY = "Mac Developer";
				COMBINE_HIDPI_IMAGES = YES;
				DEVELOPMENT_TEAM = MSFNERW7WA;
				GCC_C_LANGUAGE_STANDARD = gnu11;
				INFOPLIST_FILE = ElementsOfProgrammingTests/Info.plist;
				LD_RUNPATH_SEARCH_PATHS = "$(inherited) @executable_path/../Frameworks @loader_path/../Frameworks";
				PRODUCT_BUNDLE_IDENTIFIER = com.polkadotcat.ElementsOfProgrammingTests;
				PRODUCT_NAME = "$(TARGET_NAME)";
				SWIFT_OPTIMIZATION_LEVEL = "-Owholemodule";
				SWIFT_VERSION = 4.0;
			};
			name = Release;
		};
		C67BB73E1F32389E0032264F /* Debug */ = {
			isa = XCBuildConfiguration;
			buildSettings = {
				CLANG_CXX_LANGUAGE_STANDARD = "gnu++14";
				CLANG_WARN_UNGUARDED_AVAILABILITY = YES_AGGRESSIVE;
				GCC_C_LANGUAGE_STANDARD = gnu11;
				PRODUCT_NAME = "$(TARGET_NAME)";
				SWIFT_ACTIVE_COMPILATION_CONDITIONS = DEBUG;
				SWIFT_VERSION = 4.0;
			};
			name = Debug;
		};
		C67BB73F1F32389E0032264F /* Release */ = {
			isa = XCBuildConfiguration;
			buildSettings = {
				CLANG_CXX_LANGUAGE_STANDARD = "gnu++14";
				CLANG_WARN_UNGUARDED_AVAILABILITY = YES_AGGRESSIVE;
				GCC_C_LANGUAGE_STANDARD = gnu11;
				PRODUCT_NAME = "$(TARGET_NAME)";
				SWIFT_OPTIMIZATION_LEVEL = "-Owholemodule";
				SWIFT_VERSION = 4.0;
			};
			name = Release;
		};
		C6CCDE031F2AD9740000DA62 /* Debug */ = {
			isa = XCBuildConfiguration;
			buildSettings = {
				CLANG_CXX_LANGUAGE_STANDARD = "gnu++14";
				CLANG_WARN_UNGUARDED_AVAILABILITY = YES_AGGRESSIVE;
				CODE_SIGN_IDENTITY = "";
				COMBINE_HIDPI_IMAGES = YES;
				CURRENT_PROJECT_VERSION = 1;
				DEFINES_MODULE = YES;
				DEVELOPMENT_TEAM = "";
				DYLIB_COMPATIBILITY_VERSION = 1;
				DYLIB_CURRENT_VERSION = 1;
				DYLIB_INSTALL_NAME_BASE = "@rpath";
				FRAMEWORK_VERSION = A;
				GCC_C_LANGUAGE_STANDARD = gnu11;
				INFOPLIST_FILE = EOP/Info.plist;
				INSTALL_PATH = "$(LOCAL_LIBRARY_DIR)/Frameworks";
				LD_RUNPATH_SEARCH_PATHS = "$(inherited) @executable_path/../Frameworks @loader_path/Frameworks";
				PRODUCT_BUNDLE_IDENTIFIER = com.polkadotcat.EOP;
				PRODUCT_NAME = "$(TARGET_NAME:c99extidentifier)";
				SKIP_INSTALL = YES;
				SWIFT_ACTIVE_COMPILATION_CONDITIONS = DEBUG;
				SWIFT_VERSION = 4.0;
				VERSIONING_SYSTEM = "apple-generic";
				VERSION_INFO_PREFIX = "";
			};
			name = Debug;
		};
		C6CCDE041F2AD9740000DA62 /* Release */ = {
			isa = XCBuildConfiguration;
			buildSettings = {
				CLANG_CXX_LANGUAGE_STANDARD = "gnu++14";
				CLANG_WARN_UNGUARDED_AVAILABILITY = YES_AGGRESSIVE;
				CODE_SIGN_IDENTITY = "";
				COMBINE_HIDPI_IMAGES = YES;
				CURRENT_PROJECT_VERSION = 1;
				DEFINES_MODULE = YES;
				DEVELOPMENT_TEAM = "";
				DYLIB_COMPATIBILITY_VERSION = 1;
				DYLIB_CURRENT_VERSION = 1;
				DYLIB_INSTALL_NAME_BASE = "@rpath";
				FRAMEWORK_VERSION = A;
				GCC_C_LANGUAGE_STANDARD = gnu11;
				INFOPLIST_FILE = EOP/Info.plist;
				INSTALL_PATH = "$(LOCAL_LIBRARY_DIR)/Frameworks";
				LD_RUNPATH_SEARCH_PATHS = "$(inherited) @executable_path/../Frameworks @loader_path/Frameworks";
				PRODUCT_BUNDLE_IDENTIFIER = com.polkadotcat.EOP;
				PRODUCT_NAME = "$(TARGET_NAME:c99extidentifier)";
				SKIP_INSTALL = YES;
				SWIFT_OPTIMIZATION_LEVEL = "-Owholemodule";
				SWIFT_VERSION = 4.0;
				VERSIONING_SYSTEM = "apple-generic";
				VERSION_INFO_PREFIX = "";
			};
			name = Release;
		};
		C6FEC3911F16DA210001B732 /* Debug */ = {
			isa = XCBuildConfiguration;
			buildSettings = {
				ALWAYS_SEARCH_USER_PATHS = NO;
				CLANG_ANALYZER_NONNULL = YES;
				CLANG_ANALYZER_NUMBER_OBJECT_CONVERSION = YES_AGGRESSIVE;
				CLANG_CXX_LANGUAGE_STANDARD = "gnu++0x";
				CLANG_CXX_LIBRARY = "libc++";
				CLANG_ENABLE_MODULES = YES;
				CLANG_ENABLE_OBJC_ARC = YES;
				CLANG_WARN_BLOCK_CAPTURE_AUTORELEASING = YES;
				CLANG_WARN_BOOL_CONVERSION = YES;
				CLANG_WARN_COMMA = YES;
				CLANG_WARN_CONSTANT_CONVERSION = YES;
				CLANG_WARN_DIRECT_OBJC_ISA_USAGE = YES_ERROR;
				CLANG_WARN_DOCUMENTATION_COMMENTS = YES;
				CLANG_WARN_EMPTY_BODY = YES;
				CLANG_WARN_ENUM_CONVERSION = YES;
				CLANG_WARN_INFINITE_RECURSION = YES;
				CLANG_WARN_INT_CONVERSION = YES;
				CLANG_WARN_NON_LITERAL_NULL_CONVERSION = YES;
				CLANG_WARN_OBJC_LITERAL_CONVERSION = YES;
				CLANG_WARN_OBJC_ROOT_CLASS = YES_ERROR;
				CLANG_WARN_RANGE_LOOP_ANALYSIS = YES;
				CLANG_WARN_STRICT_PROTOTYPES = YES;
				CLANG_WARN_SUSPICIOUS_MOVE = YES;
				CLANG_WARN_UNREACHABLE_CODE = YES;
				CLANG_WARN__DUPLICATE_METHOD_MATCH = YES;
				CODE_SIGN_IDENTITY = "-";
				COPY_PHASE_STRIP = NO;
				DEBUG_INFORMATION_FORMAT = dwarf;
				ENABLE_STRICT_OBJC_MSGSEND = YES;
				ENABLE_TESTABILITY = YES;
				GCC_C_LANGUAGE_STANDARD = gnu99;
				GCC_DYNAMIC_NO_PIC = NO;
				GCC_NO_COMMON_BLOCKS = YES;
				GCC_OPTIMIZATION_LEVEL = 0;
				GCC_PREPROCESSOR_DEFINITIONS = (
					"DEBUG=1",
					"$(inherited)",
				);
				GCC_WARN_64_TO_32_BIT_CONVERSION = YES;
				GCC_WARN_ABOUT_RETURN_TYPE = YES_ERROR;
				GCC_WARN_UNDECLARED_SELECTOR = YES;
				GCC_WARN_UNINITIALIZED_AUTOS = YES_AGGRESSIVE;
				GCC_WARN_UNUSED_FUNCTION = YES;
				GCC_WARN_UNUSED_VARIABLE = YES;
				MACOSX_DEPLOYMENT_TARGET = 10.12;
				MTL_ENABLE_DEBUG_INFO = YES;
				ONLY_ACTIVE_ARCH = YES;
				OTHER_SWIFT_FLAGS = "-DXCODE";
				SDKROOT = macosx;
				SWIFT_OPTIMIZATION_LEVEL = "-Onone";
			};
			name = Debug;
		};
		C6FEC3921F16DA210001B732 /* Release */ = {
			isa = XCBuildConfiguration;
			buildSettings = {
				ALWAYS_SEARCH_USER_PATHS = NO;
				CLANG_ANALYZER_NONNULL = YES;
				CLANG_ANALYZER_NUMBER_OBJECT_CONVERSION = YES_AGGRESSIVE;
				CLANG_CXX_LANGUAGE_STANDARD = "gnu++0x";
				CLANG_CXX_LIBRARY = "libc++";
				CLANG_ENABLE_MODULES = YES;
				CLANG_ENABLE_OBJC_ARC = YES;
				CLANG_WARN_BLOCK_CAPTURE_AUTORELEASING = YES;
				CLANG_WARN_BOOL_CONVERSION = YES;
				CLANG_WARN_COMMA = YES;
				CLANG_WARN_CONSTANT_CONVERSION = YES;
				CLANG_WARN_DIRECT_OBJC_ISA_USAGE = YES_ERROR;
				CLANG_WARN_DOCUMENTATION_COMMENTS = YES;
				CLANG_WARN_EMPTY_BODY = YES;
				CLANG_WARN_ENUM_CONVERSION = YES;
				CLANG_WARN_INFINITE_RECURSION = YES;
				CLANG_WARN_INT_CONVERSION = YES;
				CLANG_WARN_NON_LITERAL_NULL_CONVERSION = YES;
				CLANG_WARN_OBJC_LITERAL_CONVERSION = YES;
				CLANG_WARN_OBJC_ROOT_CLASS = YES_ERROR;
				CLANG_WARN_RANGE_LOOP_ANALYSIS = YES;
				CLANG_WARN_STRICT_PROTOTYPES = YES;
				CLANG_WARN_SUSPICIOUS_MOVE = YES;
				CLANG_WARN_UNREACHABLE_CODE = YES;
				CLANG_WARN__DUPLICATE_METHOD_MATCH = YES;
				CODE_SIGN_IDENTITY = "-";
				COPY_PHASE_STRIP = NO;
				DEBUG_INFORMATION_FORMAT = "dwarf-with-dsym";
				ENABLE_NS_ASSERTIONS = NO;
				ENABLE_STRICT_OBJC_MSGSEND = YES;
				GCC_C_LANGUAGE_STANDARD = gnu99;
				GCC_NO_COMMON_BLOCKS = YES;
				GCC_WARN_64_TO_32_BIT_CONVERSION = YES;
				GCC_WARN_ABOUT_RETURN_TYPE = YES_ERROR;
				GCC_WARN_UNDECLARED_SELECTOR = YES;
				GCC_WARN_UNINITIALIZED_AUTOS = YES_AGGRESSIVE;
				GCC_WARN_UNUSED_FUNCTION = YES;
				GCC_WARN_UNUSED_VARIABLE = YES;
				MACOSX_DEPLOYMENT_TARGET = 10.12;
				MTL_ENABLE_DEBUG_INFO = NO;
				OTHER_SWIFT_FLAGS = "-DXCODE";
				SDKROOT = macosx;
			};
			name = Release;
		};
		C6FEC3941F16DA210001B732 /* Debug */ = {
			isa = XCBuildConfiguration;
			buildSettings = {
				DEVELOPMENT_TEAM = "";
				PRODUCT_NAME = "$(TARGET_NAME)";
				SWIFT_VERSION = 4.0;
			};
			name = Debug;
		};
		C6FEC3951F16DA210001B732 /* Release */ = {
			isa = XCBuildConfiguration;
			buildSettings = {
				DEVELOPMENT_TEAM = "";
				PRODUCT_NAME = "$(TARGET_NAME)";
				SWIFT_OPTIMIZATION_LEVEL = "-Owholemodule";
				SWIFT_VERSION = 4.0;
			};
			name = Release;
		};
/* End XCBuildConfiguration section */

/* Begin XCConfigurationList section */
		C61124CC1F184B74005B18ED /* Build configuration list for PBXNativeTarget "ElementsOfProgrammingTests" */ = {
			isa = XCConfigurationList;
			buildConfigurations = (
				C61124CA1F184B74005B18ED /* Debug */,
				C61124CB1F184B74005B18ED /* Release */,
			);
			defaultConfigurationIsVisible = 0;
			defaultConfigurationName = Release;
		};
		C67BB7401F32389E0032264F /* Build configuration list for PBXNativeTarget "ElementsOfProgramming-Pretty" */ = {
			isa = XCConfigurationList;
			buildConfigurations = (
				C67BB73E1F32389E0032264F /* Debug */,
				C67BB73F1F32389E0032264F /* Release */,
			);
			defaultConfigurationIsVisible = 0;
			defaultConfigurationName = Release;
		};
		C6CCDE051F2AD9740000DA62 /* Build configuration list for PBXNativeTarget "EOP" */ = {
			isa = XCConfigurationList;
			buildConfigurations = (
				C6CCDE031F2AD9740000DA62 /* Debug */,
				C6CCDE041F2AD9740000DA62 /* Release */,
			);
			defaultConfigurationIsVisible = 0;
			defaultConfigurationName = Release;
		};
		C6FEC3871F16DA210001B732 /* Build configuration list for PBXProject "ElementsOfProgramming" */ = {
			isa = XCConfigurationList;
			buildConfigurations = (
				C6FEC3911F16DA210001B732 /* Debug */,
				C6FEC3921F16DA210001B732 /* Release */,
			);
			defaultConfigurationIsVisible = 0;
			defaultConfigurationName = Release;
		};
		C6FEC3931F16DA210001B732 /* Build configuration list for PBXNativeTarget "ElementsOfProgramming" */ = {
			isa = XCConfigurationList;
			buildConfigurations = (
				C6FEC3941F16DA210001B732 /* Debug */,
				C6FEC3951F16DA210001B732 /* Release */,
			);
			defaultConfigurationIsVisible = 0;
			defaultConfigurationName = Release;
		};
/* End XCConfigurationList section */
	};
	rootObject = C6FEC3841F16DA210001B732 /* Project object */;
}
